{
  "object": {
    "pins": [
      {
        "package": "Alamofire",
        "repositoryURL": "https://github.com/Alamofire/Alamofire",
        "state": {
          "branch": null,
          "revision": "2fb881a1702cb1976c36192aceb54dcedab6fdc2",
          "version": "4.7.2"
        }
      },
      {
        "package": "CryptoSwift",
        "repositoryURL": "https://github.com/krzyzanowskim/CryptoSwift",
        "state": {
          "branch": null,
          "revision": "526d5e91569b30857d8def9ea22ad7265b70d238",
          "version": "0.9.0"
        }
      },
      {
        "package": "Quack",
        "repositoryURL": "https://github.com/cpageler93/Quack",
        "state": {
          "branch": null,
          "revision": "80d544151291745190d44a25a87e9ab5cf9e5d31",
          "version": "1.5.0"
        }
      },
      {
        "package": "Result",
        "repositoryURL": "https://github.com/antitypical/Result.git",
        "state": {
          "branch": null,
          "revision": "7477584259bfce2560a19e06ad9f71db441fff11",
          "version": "3.2.4"
        }
      },
      {
        "package": "SwiftyHawk",
        "repositoryURL": "https://github.com/cpageler93/SwiftyHawk",
        "state": {
          "branch": null,
          "revision": "805b17f4a280112a094045d27e4ba584e5784d48",
          "version": "0.1.2"
        }
      },
      {
        "package": "SwiftyJSON",
        "repositoryURL": "https://github.com/IBM-Swift/SwiftyJSON.git",
        "state": {
          "branch": null,
          "revision": "7eb6c83f91c519c19e6a507d604c9176d5ae5b15",
          "version": "17.0.1"
        }
      }
    ]
  },
  "version": 1
}
